
Microsoft Visual Studio Solution File, Format Version 12.00
# Visual Studio Version 16
VisualStudioVersion = 16.0.29519.161
MinimumVisualStudioVersion = 10.0.40219.1
Project("{2150E333-8FDC-42A3-9474-1A3956D46DE8}") = "Factory", "Factory", "{0B1543E4-BEDD-453C-A9EF-B063059396DC}"
EndProject
Project("{2150E333-8FDC-42A3-9474-1A3956D46DE8}") = "Singleton", "Singleton", "{EAADCE10-397B-4E68-A889-27E0E817032C}"
EndProject
Project("{9A19103F-16F7-4668-BE54-9A1E7A4F7556}") = "SingletonLibrary", "SingletonLibrary\SingletonLibrary.csproj", "{71837E7B-06AC-4BE9-90DC-9977A293BE4F}"
EndProject
Project("{9A19103F-16F7-4668-BE54-9A1E7A4F7556}") = "SingletonLibraryTests", "SingletonLibraryTests\SingletonLibraryTests.csproj", "{0997C25E-4A62-48B1-9116-B18D4A235221}"
EndProject
Project("{9A19103F-16F7-4668-BE54-9A1E7A4F7556}") = "FactoryMethod", "FactoryMethod\FactoryMethod.csproj", "{276C4FAE-0F33-450E-9A5C-E0F0A15B6328}"
EndProject
Project("{9A19103F-16F7-4668-BE54-9A1E7A4F7556}") = "FactoryMethodTests", "FactoryMethodTests\FactoryMethodTests.csproj", "{87641AC3-D812-4935-ADA4-C69998B9A230}"
EndProject
Project("{2150E333-8FDC-42A3-9474-1A3956D46DE8}") = "Builder", "Builder", "{E7F7D6B8-B3DB-4778-822E-F52F7FAFE247}"
EndProject
Project("{9A19103F-16F7-4668-BE54-9A1E7A4F7556}") = "BuilderLibrary", "BuilderLibrary\BuilderLibrary.csproj", "{84D870FC-32A6-4B7F-A610-0F4B07CB19EB}"
EndProject
Global
	GlobalSection(SolutionConfigurationPlatforms) = preSolution
		Debug|Any CPU = Debug|Any CPU
		Release|Any CPU = Release|Any CPU
	EndGlobalSection
	GlobalSection(ProjectConfigurationPlatforms) = postSolution
		{71837E7B-06AC-4BE9-90DC-9977A293BE4F}.Debug|Any CPU.ActiveCfg = Debug|Any CPU
		{71837E7B-06AC-4BE9-90DC-9977A293BE4F}.Debug|Any CPU.Build.0 = Debug|Any CPU
		{71837E7B-06AC-4BE9-90DC-9977A293BE4F}.Release|Any CPU.ActiveCfg = Release|Any CPU
		{71837E7B-06AC-4BE9-90DC-9977A293BE4F}.Release|Any CPU.Build.0 = Release|Any CPU
		{0997C25E-4A62-48B1-9116-B18D4A235221}.Debug|Any CPU.ActiveCfg = Debug|Any CPU
		{0997C25E-4A62-48B1-9116-B18D4A235221}.Debug|Any CPU.Build.0 = Debug|Any CPU
		{0997C25E-4A62-48B1-9116-B18D4A235221}.Release|Any CPU.ActiveCfg = Release|Any CPU
		{0997C25E-4A62-48B1-9116-B18D4A235221}.Release|Any CPU.Build.0 = Release|Any CPU
		{276C4FAE-0F33-450E-9A5C-E0F0A15B6328}.Debug|Any CPU.ActiveCfg = Debug|Any CPU
		{276C4FAE-0F33-450E-9A5C-E0F0A15B6328}.Debug|Any CPU.Build.0 = Debug|Any CPU
		{276C4FAE-0F33-450E-9A5C-E0F0A15B6328}.Release|Any CPU.ActiveCfg = Release|Any CPU
		{276C4FAE-0F33-450E-9A5C-E0F0A15B6328}.Release|Any CPU.Build.0 = Release|Any CPU
		{87641AC3-D812-4935-ADA4-C69998B9A230}.Debug|Any CPU.ActiveCfg = Debug|Any CPU
		{87641AC3-D812-4935-ADA4-C69998B9A230}.Debug|Any CPU.Build.0 = Debug|Any CPU
		{87641AC3-D812-4935-ADA4-C69998B9A230}.Release|Any CPU.ActiveCfg = Release|Any CPU
		{87641AC3-D812-4935-ADA4-C69998B9A230}.Release|Any CPU.Build.0 = Release|Any CPU
		{84D870FC-32A6-4B7F-A610-0F4B07CB19EB}.Debug|Any CPU.ActiveCfg = Debug|Any CPU
		{84D870FC-32A6-4B7F-A610-0F4B07CB19EB}.Debug|Any CPU.Build.0 = Debug|Any CPU
		{84D870FC-32A6-4B7F-A610-0F4B07CB19EB}.Release|Any CPU.ActiveCfg = Release|Any CPU
		{84D870FC-32A6-4B7F-A610-0F4B07CB19EB}.Release|Any CPU.Build.0 = Release|Any CPU
	EndGlobalSection
	GlobalSection(SolutionProperties) = preSolution
		HideSolutionNode = FALSE
	EndGlobalSection
	GlobalSection(NestedProjects) = preSolution
		{71837E7B-06AC-4BE9-90DC-9977A293BE4F} = {EAADCE10-397B-4E68-A889-27E0E817032C}
		{0997C25E-4A62-48B1-9116-B18D4A235221} = {EAADCE10-397B-4E68-A889-27E0E817032C}
		{276C4FAE-0F33-450E-9A5C-E0F0A15B6328} = {0B1543E4-BEDD-453C-A9EF-B063059396DC}
		{87641AC3-D812-4935-ADA4-C69998B9A230} = {0B1543E4-BEDD-453C-A9EF-B063059396DC}
		{84D870FC-32A6-4B7F-A610-0F4B07CB19EB} = {E7F7D6B8-B3DB-4778-822E-F52F7FAFE247}
	EndGlobalSection
	GlobalSection(ExtensibilityGlobals) = postSolution
		SolutionGuid = {FDF83D0B-AA45-49AC-9919-34C7CDCEF9A5}
	EndGlobalSection
EndGlobal
